
Microsoft Visual Studio Solution File, Format Version 12.00
# Visual Studio Version 17
VisualStudioVersion = 17.0.32112.339
MinimumVisualStudioVersion = 10.0.40219.1
Project("{FAE04EC0-301F-11D3-BF4B-00C04F79EFBC}") = "PPEOscarAuto", "PPEOscarAuto\PPEOscarAuto.csproj", "{7EF7A113-BC92-44A2-9F0A-2503160FD597}"
EndProject
Project("{FAE04EC0-301F-11D3-BF4B-00C04F79EFBC}") = "PPO1ConcessionnaireLib", "PPO1ConcessionnaireLib\PPO1ConcessionnaireLib.csproj", "{7C385C70-C810-4F90-ADB9-332B69F642D4}"
EndProject
Project("{FAE04EC0-301F-11D3-BF4B-00C04F79EFBC}") = "PPEOscarAutoModif", "PPEOscarAutoModif\PPEOscarAutoModif.csproj", "{5FF830FB-6917-462D-937B-52D58FBBBF45}"
EndProject
Project("{FAE04EC0-301F-11D3-BF4B-00C04F79EFBC}") = "PPEOscarAutoConnect", "PPEOscarAutoConnect\PPEOscarAutoConnect.csproj", "{7D328BA7-649A-43B2-97A6-5638C32F82DF}"
EndProject
Project("{FAE04EC0-301F-11D3-BF4B-00C04F79EFBC}") = "OscarBibliClasseTests", "OscarBibliClasseTests\OscarBibliClasseTests.csproj", "{E63158D3-89FE-4608-9340-68A0B4D6097C}"
EndProject
Global
	GlobalSection(SolutionConfigurationPlatforms) = preSolution
		Debug|Any CPU = Debug|Any CPU
		Release|Any CPU = Release|Any CPU
	EndGlobalSection
	GlobalSection(ProjectConfigurationPlatforms) = postSolution
		{7EF7A113-BC92-44A2-9F0A-2503160FD597}.Debug|Any CPU.ActiveCfg = Debug|Any CPU
		{7EF7A113-BC92-44A2-9F0A-2503160FD597}.Debug|Any CPU.Build.0 = Debug|Any CPU
		{7EF7A113-BC92-44A2-9F0A-2503160FD597}.Release|Any CPU.ActiveCfg = Release|Any CPU
		{7EF7A113-BC92-44A2-9F0A-2503160FD597}.Release|Any CPU.Build.0 = Release|Any CPU
		{7C385C70-C810-4F90-ADB9-332B69F642D4}.Debug|Any CPU.ActiveCfg = Debug|Any CPU
		{7C385C70-C810-4F90-ADB9-332B69F642D4}.Debug|Any CPU.Build.0 = Debug|Any CPU
		{7C385C70-C810-4F90-ADB9-332B69F642D4}.Release|Any CPU.ActiveCfg = Release|Any CPU
		{7C385C70-C810-4F90-ADB9-332B69F642D4}.Release|Any CPU.Build.0 = Release|Any CPU
		{5FF830FB-6917-462D-937B-52D58FBBBF45}.Debug|Any CPU.ActiveCfg = Debug|Any CPU
		{5FF830FB-6917-462D-937B-52D58FBBBF45}.Debug|Any CPU.Build.0 = Debug|Any CPU
		{5FF830FB-6917-462D-937B-52D58FBBBF45}.Release|Any CPU.ActiveCfg = Release|Any CPU
		{5FF830FB-6917-462D-937B-52D58FBBBF45}.Release|Any CPU.Build.0 = Release|Any CPU
		{7D328BA7-649A-43B2-97A6-5638C32F82DF}.Debug|Any CPU.ActiveCfg = Debug|Any CPU
		{7D328BA7-649A-43B2-97A6-5638C32F82DF}.Debug|Any CPU.Build.0 = Debug|Any CPU
		{7D328BA7-649A-43B2-97A6-5638C32F82DF}.Release|Any CPU.ActiveCfg = Release|Any CPU
		{7D328BA7-649A-43B2-97A6-5638C32F82DF}.Release|Any CPU.Build.0 = Release|Any CPU
		{E63158D3-89FE-4608-9340-68A0B4D6097C}.Debug|Any CPU.ActiveCfg = Debug|Any CPU
		{E63158D3-89FE-4608-9340-68A0B4D6097C}.Debug|Any CPU.Build.0 = Debug|Any CPU
		{E63158D3-89FE-4608-9340-68A0B4D6097C}.Release|Any CPU.ActiveCfg = Release|Any CPU
		{E63158D3-89FE-4608-9340-68A0B4D6097C}.Release|Any CPU.Build.0 = Release|Any CPU
	EndGlobalSection
	GlobalSection(SolutionProperties) = preSolution
		HideSolutionNode = FALSE
	EndGlobalSection
	GlobalSection(ExtensibilityGlobals) = postSolution
		SolutionGuid = {987B38B9-FB9E-49D7-B8ED-5980C96F17CE}
	EndGlobalSection
EndGlobal
